DEPENDENCIES
  ark
  build-essential
  chef_commons
    git: https://github.microstrategy.com/ecosystem-cookbooks/chef_commons.git
    revision: 6302a61b03249234be41e55c9254871adb3bf41c
    tag: 1.1.11
  docker
    git: https://github.microstrategy.com/ecosystem-cookbooks/docker.git
    revision: 713f3ad8e7e49c5c090e0977dcfbf48f8aeafe7f
    tag: 0.1.31
  extras
    git: https://github.microstrategy.com/ecosystem-cookbooks/extras.git
    revision: 661ebc3fe837aa1b13271d663cbbe0a3724c8039
    tag: 0.1.70
  kube-config
    git: https://github.microstrategy.com/ecosystem-cookbooks/kube-config.git
    revision: c9e732d3383bf404dfa7f1838e4d6ceb6c6feecc
    tag: 0.1.21
  nodejs
    git: https://github.microstrategy.com/ecosystem-cookbooks/nodejs.git
    revision: e6ad120bcaed4196cfa955b402f1c68395b96a82
    tag: 0.1.22
  seven_zip (~> 2.0.0)

GRAPH
  ark (5.0.0)
    seven_zip (>= 0.0.0)
  build-essential (8.2.1)
    mingw (>= 1.1)
    seven_zip (>= 0.0.0)
  chef_commons (1.1.11)
    ark (>= 0.0.0)
  dmg (4.1.1)
  docker (0.1.31)
  extras (0.1.70)
    dmg (>= 0.0.0)
  kube-config (0.1.21)
  mingw (2.1.0)
    seven_zip (>= 0.0.0)
  nodejs (0.1.22)
  seven_zip (2.0.2)
    windows (>= 1.2.2)
  windows (7.0.2)
