DEPENDENCIES
  ark
  build-essential
  chef_commons
    git: https://github.microstrategy.com/ecosystem-cookbooks/chef_commons.git
    revision: 6ea6d618a12352593f5c19716c06814a36665afc
    tag: 1.1.22
  docker
    git: https://github.microstrategy.com/ecosystem-cookbooks/docker.git
    revision: 713f3ad8e7e49c5c090e0977dcfbf48f8aeafe7f
    tag: 0.1.31
  extras
    git: https://github.microstrategy.com/ecosystem-cookbooks/extras.git
    revision: 7d5ecf262424d0aac3543a73cff50cafa22b0c56
    tag: 0.1.61
  helm
    git: https://github.microstrategy.com/ecosystem-cookbooks/helm.git
    revision: 6a7ec0e3d99181e4bd352251d673a641430be29d
    tag: 0.1.31
  kube-config
    git: https://github.microstrategy.com/ecosystem-cookbooks/kube-config.git
    revision: c9e732d3383bf404dfa7f1838e4d6ceb6c6feecc
    tag: 0.1.21
  nodejs
    git: https://github.microstrategy.com/ecosystem-cookbooks/nodejs.git
    revision: e39da16a582f0781eb9488b6542556fc4b0311f3
    tag: 0.1.10
  seven_zip (~> 2.0.0)

GRAPH
  ark (5.0.0)
    seven_zip (>= 0.0.0)
  build-essential (8.2.1)
    mingw (>= 1.1)
    seven_zip (>= 0.0.0)
  chef_commons (1.1.22)
    ark (<= 5.0.0)
  dmg (4.1.1)
  docker (0.1.31)
  extras (0.1.61)
    dmg (>= 0.0.0)
  helm (0.1.31)
  kube-config (0.1.21)
  mingw (2.1.1)
    seven_zip (>= 0.0.0)
  nodejs (0.1.10)
  seven_zip (2.0.2)
    windows (>= 1.2.2)
  windows (7.0.2)
